{
  "name": "fancy-todo-client",
  "version": "1.0.0",
  "lockfileVersion": 1,
  "requires": true,
  "dependencies": {
    "egalink-toasty.js": {
      "version": "1.5.5",
      "resolved": "https://registry.npmjs.org/egalink-toasty.js/-/egalink-toasty.js-1.5.5.tgz",
      "integrity": "sha512-Ds24PRUXvUEPbFoZ4D0hcSIq5/ju37gXCv7oEIN3O6uRqpeEmzuHiZvXiEABlihMQmrFMC6M2aWgOly8fKO+/g=="
    },
    "sweetalert2": {
      "version": "10.15.7",
      "resolved": "https://registry.npmjs.org/sweetalert2/-/sweetalert2-10.15.7.tgz",
      "integrity": "sha512-imY0MR03NGefPcGzSYjWYz1GMIlniusEBXilswvKrHD/GMiTxA5jnsdjtK2IoRyXfEaqV7GWt6DM4YVjAZU8gw=="
    }
  }
}
